
Microsoft Visual Studio Solution File, Format Version 12.00
# Visual Studio 14
VisualStudioVersion = 14.0.25420.1
MinimumVisualStudioVersion = 10.0.40219.1
Project("{FAE04EC0-301F-11D3-BF4B-00C04F79EFBC}") = "Youziku.SDK.V4.5", "Youziku.SDK\Youziku.SDK.V4.5.csproj", "{63567DBC-9690-415E-BE67-B8C6F9AC7315}"
EndProject
Project("{2150E333-8FDC-42A3-9474-1A3956D46DE8}") = "src", "src", "{4F28004D-E6F9-433E-8704-98912A95E47E}"
EndProject
Project("{2150E333-8FDC-42A3-9474-1A3956D46DE8}") = "test", "test", "{B4740C89-06AF-43C3-9401-22BCD7BE22CA}"
EndProject
Project("{FAE04EC0-301F-11D3-BF4B-00C04F79EFBC}") = "Sample", "Sample\Sample.csproj", "{DF7D7146-1644-4501-B116-A4F4E90EE058}"
EndProject
Project("{2150E333-8FDC-42A3-9474-1A3956D46DE8}") = "v4.5", "v4.5", "{F97F8831-4902-452D-A3F0-2310642298C5}"
EndProject
Project("{2150E333-8FDC-42A3-9474-1A3956D46DE8}") = "v3.5", "v3.5", "{851FEC50-CE21-4FDE-84CB-6C4020D96A47}"
EndProject
Project("{FAE04EC0-301F-11D3-BF4B-00C04F79EFBC}") = "Youziku.SDK.V3.5", "Youziku.SDK.Common\Youziku.SDK.V3.5.csproj", "{AEEF204C-112E-44EA-8E77-AA8F42612853}"
EndProject
Global
	GlobalSection(SolutionConfigurationPlatforms) = preSolution
		Debug|Any CPU = Debug|Any CPU
		Release|Any CPU = Release|Any CPU
	EndGlobalSection
	GlobalSection(ProjectConfigurationPlatforms) = postSolution
		{63567DBC-9690-415E-BE67-B8C6F9AC7315}.Debug|Any CPU.ActiveCfg = Release|Any CPU
		{63567DBC-9690-415E-BE67-B8C6F9AC7315}.Debug|Any CPU.Build.0 = Release|Any CPU
		{63567DBC-9690-415E-BE67-B8C6F9AC7315}.Release|Any CPU.ActiveCfg = Release|Any CPU
		{63567DBC-9690-415E-BE67-B8C6F9AC7315}.Release|Any CPU.Build.0 = Release|Any CPU
		{DF7D7146-1644-4501-B116-A4F4E90EE058}.Debug|Any CPU.ActiveCfg = Debug|Any CPU
		{DF7D7146-1644-4501-B116-A4F4E90EE058}.Debug|Any CPU.Build.0 = Debug|Any CPU
		{DF7D7146-1644-4501-B116-A4F4E90EE058}.Release|Any CPU.ActiveCfg = Release|Any CPU
		{DF7D7146-1644-4501-B116-A4F4E90EE058}.Release|Any CPU.Build.0 = Release|Any CPU
		{AEEF204C-112E-44EA-8E77-AA8F42612853}.Debug|Any CPU.ActiveCfg = Debug|Any CPU
		{AEEF204C-112E-44EA-8E77-AA8F42612853}.Debug|Any CPU.Build.0 = Debug|Any CPU
		{AEEF204C-112E-44EA-8E77-AA8F42612853}.Release|Any CPU.ActiveCfg = Release|Any CPU
		{AEEF204C-112E-44EA-8E77-AA8F42612853}.Release|Any CPU.Build.0 = Release|Any CPU
	EndGlobalSection
	GlobalSection(SolutionProperties) = preSolution
		HideSolutionNode = FALSE
	EndGlobalSection
	GlobalSection(NestedProjects) = preSolution
		{63567DBC-9690-415E-BE67-B8C6F9AC7315} = {F97F8831-4902-452D-A3F0-2310642298C5}
		{DF7D7146-1644-4501-B116-A4F4E90EE058} = {B4740C89-06AF-43C3-9401-22BCD7BE22CA}
		{F97F8831-4902-452D-A3F0-2310642298C5} = {4F28004D-E6F9-433E-8704-98912A95E47E}
		{851FEC50-CE21-4FDE-84CB-6C4020D96A47} = {4F28004D-E6F9-433E-8704-98912A95E47E}
		{AEEF204C-112E-44EA-8E77-AA8F42612853} = {851FEC50-CE21-4FDE-84CB-6C4020D96A47}
	EndGlobalSection
EndGlobal
